
Microsoft Visual Studio Solution File, Format Version 12.00
# Visual Studio 2012
Project("{FAE04EC0-301F-11D3-BF4B-00C04F79EFBC}") = "MoodleSyncCallback", "MoodleSyncCallback\MoodleSyncCallback.csproj", "{C76FD033-B402-45EA-92BC-AB2418D9EEF5}"
EndProject
Project("{6141683F-8A12-4E36-9623-2EB02B2C2303}") = "Setup", "MoodleSyncSetup\Setup.isproj", "{AE779428-A5BF-42D8-87E9-BC7DC632338A}"
	ProjectSection(ProjectDependencies) = postProject
		{C76FD033-B402-45EA-92BC-AB2418D9EEF5} = {C76FD033-B402-45EA-92BC-AB2418D9EEF5}
		{9E421F3A-F6B2-448A-85DA-05C2E6060F6B} = {9E421F3A-F6B2-448A-85DA-05C2E6060F6B}
		{BE255A7E-39A2-4620-8972-767C0559D516} = {BE255A7E-39A2-4620-8972-767C0559D516}
	EndProjectSection
EndProject
Project("{FAE04EC0-301F-11D3-BF4B-00C04F79EFBC}") = "MoodleSyncInterface", "MoodleSyncInterface\MoodleSyncInterface.csproj", "{9E421F3A-F6B2-448A-85DA-05C2E6060F6B}"
EndProject
Project("{FAE04EC0-301F-11D3-BF4B-00C04F79EFBC}") = "MoodleSyncTranslator", "MoodleSyncTranslator\MoodleSyncTranslator.csproj", "{BE255A7E-39A2-4620-8972-767C0559D516}"
EndProject
Global
	GlobalSection(SolutionConfigurationPlatforms) = preSolution
		CD_ROM|Any CPU = CD_ROM|Any CPU
		Debug|Any CPU = Debug|Any CPU
		DVD-5|Any CPU = DVD-5|Any CPU
		Release|Any CPU = Release|Any CPU
		SingleImage|Any CPU = SingleImage|Any CPU
	EndGlobalSection
	GlobalSection(ProjectConfigurationPlatforms) = postSolution
		{C76FD033-B402-45EA-92BC-AB2418D9EEF5}.CD_ROM|Any CPU.ActiveCfg = Release|Any CPU
		{C76FD033-B402-45EA-92BC-AB2418D9EEF5}.CD_ROM|Any CPU.Build.0 = Release|Any CPU
		{C76FD033-B402-45EA-92BC-AB2418D9EEF5}.Debug|Any CPU.ActiveCfg = Debug|Any CPU
		{C76FD033-B402-45EA-92BC-AB2418D9EEF5}.Debug|Any CPU.Build.0 = Debug|Any CPU
		{C76FD033-B402-45EA-92BC-AB2418D9EEF5}.DVD-5|Any CPU.ActiveCfg = Debug|Any CPU
		{C76FD033-B402-45EA-92BC-AB2418D9EEF5}.DVD-5|Any CPU.Build.0 = Debug|Any CPU
		{C76FD033-B402-45EA-92BC-AB2418D9EEF5}.Release|Any CPU.ActiveCfg = Release|Any CPU
		{C76FD033-B402-45EA-92BC-AB2418D9EEF5}.Release|Any CPU.Build.0 = Release|Any CPU
		{C76FD033-B402-45EA-92BC-AB2418D9EEF5}.SingleImage|Any CPU.ActiveCfg = Release|Any CPU
		{C76FD033-B402-45EA-92BC-AB2418D9EEF5}.SingleImage|Any CPU.Build.0 = Release|Any CPU
		{AE779428-A5BF-42D8-87E9-BC7DC632338A}.CD_ROM|Any CPU.ActiveCfg = CD_ROM
		{AE779428-A5BF-42D8-87E9-BC7DC632338A}.CD_ROM|Any CPU.Build.0 = CD_ROM
		{AE779428-A5BF-42D8-87E9-BC7DC632338A}.Debug|Any CPU.ActiveCfg = DVD-5
		{AE779428-A5BF-42D8-87E9-BC7DC632338A}.DVD-5|Any CPU.ActiveCfg = DVD-5
		{AE779428-A5BF-42D8-87E9-BC7DC632338A}.DVD-5|Any CPU.Build.0 = DVD-5
		{AE779428-A5BF-42D8-87E9-BC7DC632338A}.Release|Any CPU.ActiveCfg = SingleImage
		{AE779428-A5BF-42D8-87E9-BC7DC632338A}.Release|Any CPU.Build.0 = SingleImage
		{AE779428-A5BF-42D8-87E9-BC7DC632338A}.SingleImage|Any CPU.ActiveCfg = SingleImage
		{AE779428-A5BF-42D8-87E9-BC7DC632338A}.SingleImage|Any CPU.Build.0 = SingleImage
		{9E421F3A-F6B2-448A-85DA-05C2E6060F6B}.CD_ROM|Any CPU.ActiveCfg = Release|Any CPU
		{9E421F3A-F6B2-448A-85DA-05C2E6060F6B}.CD_ROM|Any CPU.Build.0 = Release|Any CPU
		{9E421F3A-F6B2-448A-85DA-05C2E6060F6B}.Debug|Any CPU.ActiveCfg = Debug|Any CPU
		{9E421F3A-F6B2-448A-85DA-05C2E6060F6B}.Debug|Any CPU.Build.0 = Debug|Any CPU
		{9E421F3A-F6B2-448A-85DA-05C2E6060F6B}.DVD-5|Any CPU.ActiveCfg = Debug|Any CPU
		{9E421F3A-F6B2-448A-85DA-05C2E6060F6B}.DVD-5|Any CPU.Build.0 = Debug|Any CPU
		{9E421F3A-F6B2-448A-85DA-05C2E6060F6B}.Release|Any CPU.ActiveCfg = Release|Any CPU
		{9E421F3A-F6B2-448A-85DA-05C2E6060F6B}.Release|Any CPU.Build.0 = Release|Any CPU
		{9E421F3A-F6B2-448A-85DA-05C2E6060F6B}.SingleImage|Any CPU.ActiveCfg = Release|Any CPU
		{9E421F3A-F6B2-448A-85DA-05C2E6060F6B}.SingleImage|Any CPU.Build.0 = Release|Any CPU
		{BE255A7E-39A2-4620-8972-767C0559D516}.CD_ROM|Any CPU.ActiveCfg = Release|Any CPU
		{BE255A7E-39A2-4620-8972-767C0559D516}.CD_ROM|Any CPU.Build.0 = Release|Any CPU
		{BE255A7E-39A2-4620-8972-767C0559D516}.Debug|Any CPU.ActiveCfg = Debug|Any CPU
		{BE255A7E-39A2-4620-8972-767C0559D516}.Debug|Any CPU.Build.0 = Debug|Any CPU
		{BE255A7E-39A2-4620-8972-767C0559D516}.DVD-5|Any CPU.ActiveCfg = Debug|Any CPU
		{BE255A7E-39A2-4620-8972-767C0559D516}.DVD-5|Any CPU.Build.0 = Debug|Any CPU
		{BE255A7E-39A2-4620-8972-767C0559D516}.Release|Any CPU.ActiveCfg = Release|Any CPU
		{BE255A7E-39A2-4620-8972-767C0559D516}.Release|Any CPU.Build.0 = Release|Any CPU
		{BE255A7E-39A2-4620-8972-767C0559D516}.SingleImage|Any CPU.ActiveCfg = Release|Any CPU
		{BE255A7E-39A2-4620-8972-767C0559D516}.SingleImage|Any CPU.Build.0 = Release|Any CPU
	EndGlobalSection
	GlobalSection(SolutionProperties) = preSolution
		HideSolutionNode = FALSE
	EndGlobalSection
EndGlobal
